
Microsoft Visual Studio Solution File, Format Version 12.00
# Visual Studio Version 17
VisualStudioVersion = 17.4.33213.308
MinimumVisualStudioVersion = 10.0.40219.1
Project("{FAE04EC0-301F-11D3-BF4B-00C04F79EFBC}") = "Week5LogicalOperators", "Week5LogicalOperators\Week5LogicalOperators.csproj", "{45E003E9-191C-439A-BCE3-FC531D514F40}"
EndProject
Project("{FAE04EC0-301F-11D3-BF4B-00C04F79EFBC}") = "AndOperator", "AndOperator\AndOperator.csproj", "{0F8DCE18-FA63-4638-9B32-D14F01774B2E}"
EndProject
Project("{FAE04EC0-301F-11D3-BF4B-00C04F79EFBC}") = "OROperator", "OROperator\OROperator.csproj", "{39EC6B93-5A70-4B68-8AAC-7022F96552F0}"
EndProject
Project("{FAE04EC0-301F-11D3-BF4B-00C04F79EFBC}") = "ANDRanges", "ANDRanges\ANDRanges.csproj", "{02513A4A-8C11-4F2F-9E99-6661AB83C451}"
EndProject
Global
	GlobalSection(SolutionConfigurationPlatforms) = preSolution
		Debug|Any CPU = Debug|Any CPU
		Release|Any CPU = Release|Any CPU
	EndGlobalSection
	GlobalSection(ProjectConfigurationPlatforms) = postSolution
		{45E003E9-191C-439A-BCE3-FC531D514F40}.Debug|Any CPU.ActiveCfg = Debug|Any CPU
		{45E003E9-191C-439A-BCE3-FC531D514F40}.Debug|Any CPU.Build.0 = Debug|Any CPU
		{45E003E9-191C-439A-BCE3-FC531D514F40}.Release|Any CPU.ActiveCfg = Release|Any CPU
		{45E003E9-191C-439A-BCE3-FC531D514F40}.Release|Any CPU.Build.0 = Release|Any CPU
		{0F8DCE18-FA63-4638-9B32-D14F01774B2E}.Debug|Any CPU.ActiveCfg = Debug|Any CPU
		{0F8DCE18-FA63-4638-9B32-D14F01774B2E}.Debug|Any CPU.Build.0 = Debug|Any CPU
		{0F8DCE18-FA63-4638-9B32-D14F01774B2E}.Release|Any CPU.ActiveCfg = Release|Any CPU
		{0F8DCE18-FA63-4638-9B32-D14F01774B2E}.Release|Any CPU.Build.0 = Release|Any CPU
		{39EC6B93-5A70-4B68-8AAC-7022F96552F0}.Debug|Any CPU.ActiveCfg = Debug|Any CPU
		{39EC6B93-5A70-4B68-8AAC-7022F96552F0}.Debug|Any CPU.Build.0 = Debug|Any CPU
		{39EC6B93-5A70-4B68-8AAC-7022F96552F0}.Release|Any CPU.ActiveCfg = Release|Any CPU
		{39EC6B93-5A70-4B68-8AAC-7022F96552F0}.Release|Any CPU.Build.0 = Release|Any CPU
		{02513A4A-8C11-4F2F-9E99-6661AB83C451}.Debug|Any CPU.ActiveCfg = Debug|Any CPU
		{02513A4A-8C11-4F2F-9E99-6661AB83C451}.Debug|Any CPU.Build.0 = Debug|Any CPU
		{02513A4A-8C11-4F2F-9E99-6661AB83C451}.Release|Any CPU.ActiveCfg = Release|Any CPU
		{02513A4A-8C11-4F2F-9E99-6661AB83C451}.Release|Any CPU.Build.0 = Release|Any CPU
	EndGlobalSection
	GlobalSection(SolutionProperties) = preSolution
		HideSolutionNode = FALSE
	EndGlobalSection
	GlobalSection(ExtensibilityGlobals) = postSolution
		SolutionGuid = {85C40C5D-7C3E-426D-83C0-110B5B508DA3}
	EndGlobalSection
EndGlobal
